github.com/knakk/digest v0.0.0-20160404164910-fd45becddc49 h1:P6Mw09IOeKKS4klYhjzHzaEx2RcNshynjfDhzCQ8BoE=
github.com/knakk/digest v0.0.0-20160404164910-fd45becddc49/go.mod h1:dQr9I8Xw26daWGE/crxUleRxmpFI5uhfedWqRNHHq0c=
github.com/knakk/rdf v0.0.0-20190304171630-8521bf4c5042 h1:Vzdm5hdlLdpJOKK+hKtkV5u7xGZmNW6aUBjGcTfwx84=
github.com/knakk/rdf v0.0.0-20190304171630-8521bf4c5042/go.mod h1:fYE0718xXI13XMYLc6iHtvXudfyCGMsZ9hxSM1Ommpg=
